
Microsoft Visual Studio Solution File, Format Version 12.00
# Visual Studio 15
VisualStudioVersion = 15.0.27004.2009
MinimumVisualStudioVersion = 10.0.40219.1
Project("{2150E333-8FDC-42A3-9474-1A3956D46DE8}") = "src", "src", "{1A21A87C-1C11-43B1-8840-145492C04302}"
EndProject
Project("{2150E333-8FDC-42A3-9474-1A3956D46DE8}") = "samples", "samples", "{E604F8B6-7812-4BED-A541-396E79DF020B}"
EndProject
Project("{9A19103F-16F7-4668-BE54-9A1E7A4F7556}") = "Baibaocp.LotteryVender.Sending.Order", "samples\Baibaocp.LotteryVender.Sending.Order\Baibaocp.LotteryVender.Sending.Order.csproj", "{8BDCE5A6-2B09-4D55-99B9-89B364EB977E}"
EndProject
Project("{9A19103F-16F7-4668-BE54-9A1E7A4F7556}") = "Baibaocp.LvpApi.Abstractions", "src\Baibaocp.LvpApi.Abstractions\Baibaocp.LvpApi.Abstractions.csproj", "{6A4DB9B0-A9F3-4424-8DD8-DDA9E316598D}"
EndProject
Project("{9A19103F-16F7-4668-BE54-9A1E7A4F7556}") = "Baibaocp.LvpApi.Shanghai", "src\Baibaocp.LvpApi.Shanghai\Baibaocp.LvpApi.Shanghai.csproj", "{43B651A0-3F9C-41E3-BEF9-2EFDF4889EC5}"
EndProject
Global
	GlobalSection(SolutionConfigurationPlatforms) = preSolution
		Debug|Any CPU = Debug|Any CPU
		Release|Any CPU = Release|Any CPU
	EndGlobalSection
	GlobalSection(ProjectConfigurationPlatforms) = postSolution
		{8BDCE5A6-2B09-4D55-99B9-89B364EB977E}.Debug|Any CPU.ActiveCfg = Debug|Any CPU
		{8BDCE5A6-2B09-4D55-99B9-89B364EB977E}.Debug|Any CPU.Build.0 = Debug|Any CPU
		{8BDCE5A6-2B09-4D55-99B9-89B364EB977E}.Release|Any CPU.ActiveCfg = Release|Any CPU
		{8BDCE5A6-2B09-4D55-99B9-89B364EB977E}.Release|Any CPU.Build.0 = Release|Any CPU
		{6A4DB9B0-A9F3-4424-8DD8-DDA9E316598D}.Debug|Any CPU.ActiveCfg = Debug|Any CPU
		{6A4DB9B0-A9F3-4424-8DD8-DDA9E316598D}.Debug|Any CPU.Build.0 = Debug|Any CPU
		{6A4DB9B0-A9F3-4424-8DD8-DDA9E316598D}.Release|Any CPU.ActiveCfg = Release|Any CPU
		{6A4DB9B0-A9F3-4424-8DD8-DDA9E316598D}.Release|Any CPU.Build.0 = Release|Any CPU
		{43B651A0-3F9C-41E3-BEF9-2EFDF4889EC5}.Debug|Any CPU.ActiveCfg = Debug|Any CPU
		{43B651A0-3F9C-41E3-BEF9-2EFDF4889EC5}.Debug|Any CPU.Build.0 = Debug|Any CPU
		{43B651A0-3F9C-41E3-BEF9-2EFDF4889EC5}.Release|Any CPU.ActiveCfg = Release|Any CPU
		{43B651A0-3F9C-41E3-BEF9-2EFDF4889EC5}.Release|Any CPU.Build.0 = Release|Any CPU
	EndGlobalSection
	GlobalSection(SolutionProperties) = preSolution
		HideSolutionNode = FALSE
	EndGlobalSection
	GlobalSection(NestedProjects) = preSolution
		{8BDCE5A6-2B09-4D55-99B9-89B364EB977E} = {E604F8B6-7812-4BED-A541-396E79DF020B}
		{6A4DB9B0-A9F3-4424-8DD8-DDA9E316598D} = {1A21A87C-1C11-43B1-8840-145492C04302}
		{43B651A0-3F9C-41E3-BEF9-2EFDF4889EC5} = {1A21A87C-1C11-43B1-8840-145492C04302}
	EndGlobalSection
	GlobalSection(ExtensibilityGlobals) = postSolution
		SolutionGuid = {BEB9354B-B06D-42A8-824B-8B30FA1C070D}
	EndGlobalSection
EndGlobal
