
Microsoft Visual Studio Solution File, Format Version 12.00
# Visual Studio 15
VisualStudioVersion = 15.0.27004.2009
MinimumVisualStudioVersion = 10.0.40219.1
Project("{2150E333-8FDC-42A3-9474-1A3956D46DE8}") = "src", "src", "{1A21A87C-1C11-43B1-8840-145492C04302}"
EndProject
Project("{2150E333-8FDC-42A3-9474-1A3956D46DE8}") = "samples", "samples", "{E604F8B6-7812-4BED-A541-396E79DF020B}"
EndProject
Project("{9A19103F-16F7-4668-BE54-9A1E7A4F7556}") = "Baibaocp.Core", "src\Baibaocp.Core\Baibaocp.Core.csproj", "{E3F8093E-137A-4974-B177-95E8CB95441C}"
EndProject
Project("{2150E333-8FDC-42A3-9474-1A3956D46DE8}") = "LotteryDispatcher", "LotteryDispatcher", "{879CA4FA-34B2-463B-92D3-DCD011099569}"
EndProject
Project("{2150E333-8FDC-42A3-9474-1A3956D46DE8}") = "LotteryVender", "LotteryVender", "{0936F6A2-46C4-46E1-A456-A7902C5AF4B3}"
EndProject
Project("{9A19103F-16F7-4668-BE54-9A1E7A4F7556}") = "Baibaocp.LotteryDispatcher.Abstractions", "src\Baibaocp.LotteryDispatcher.Abstractions\Baibaocp.LotteryDispatcher.Abstractions.csproj", "{895BCBE5-C32E-4C66-9E8C-C6BC9D1EC033}"
EndProject
Project("{9A19103F-16F7-4668-BE54-9A1E7A4F7556}") = "Baibaocp.LotteryDispatcher.Shanghai.Abstractions", "src\Baibaocp.LotteryDispatcher.Shanghai.Abstractions\Baibaocp.LotteryDispatcher.Shanghai.Abstractions.csproj", "{290DA5F8-EC5C-48E9-B932-CDB28D51AB1F}"
EndProject
Project("{9A19103F-16F7-4668-BE54-9A1E7A4F7556}") = "Baibaocp.LotteryVender.Core", "src\Baibaocp.LotteryVender.Core\Baibaocp.LotteryVender.Core.csproj", "{250E75F0-39AB-48D9-83C5-EC800A4B8618}"
EndProject
Project("{9A19103F-16F7-4668-BE54-9A1E7A4F7556}") = "Baibaocp.LotteryVender.WebApi", "src\Baibaocp.LotteryVender.WebApi\Baibaocp.LotteryVender.WebApi.csproj", "{1CB68B68-15EE-4EF5-99F7-9CE238791020}"
EndProject
Project("{2150E333-8FDC-42A3-9474-1A3956D46DE8}") = "LotteryNotifier", "LotteryNotifier", "{589CB699-0FF4-462E-8EDF-A3615691DE63}"
EndProject
Project("{9A19103F-16F7-4668-BE54-9A1E7A4F7556}") = "Baibaocp.LotteryDispatcher.Shanghai", "src\Baibaocp.LotteryDispatcher.Shanghai\Baibaocp.LotteryDispatcher.Shanghai.csproj", "{4ADF2526-66DE-45BA-A8DF-8D90DB680A6C}"
EndProject
Project("{9A19103F-16F7-4668-BE54-9A1E7A4F7556}") = "Baibaocp.LotteryDispatcher.Hosting", "src\Baibaocp.LotteryDispatcher.Hosting\Baibaocp.LotteryDispatcher.Hosting.csproj", "{8CE8FF03-D98C-487E-BBDA-B3322B68BD4E}"
EndProject
Project("{9A19103F-16F7-4668-BE54-9A1E7A4F7556}") = "Baibaocp.LotteryNotifier.Abstractions", "src\Baibaocp.LotteryNotifier.Abstractions\Baibaocp.LotteryNotifier.Abstractions.csproj", "{95D559C3-26A1-436E-B577-B8AC52CF6EB3}"
EndProject
Project("{9A19103F-16F7-4668-BE54-9A1E7A4F7556}") = "Baibaocp.LotteryNotifier.Hongdan", "src\Baibaocp.LotteryNotifier.Hongdan\Baibaocp.LotteryNotifier.Hongdan.csproj", "{617D9027-57B9-44FC-BCE1-AEF9E648EDB1}"
EndProject
Project("{2150E333-8FDC-42A3-9474-1A3956D46DE8}") = "LotteryStoraging", "LotteryStoraging", "{4D0D9F44-3B04-4FAD-861C-CD770575E433}"
EndProject
Project("{9A19103F-16F7-4668-BE54-9A1E7A4F7556}") = "Baibaocp.LotteryStoraging.Hosting", "src\Baibaocp.LotteryStoraging.Hosting\Baibaocp.LotteryStoraging.Hosting.csproj", "{A513DAE1-9FA3-42C5-AC0A-95BF51C6372A}"
EndProject
Project("{9A19103F-16F7-4668-BE54-9A1E7A4F7556}") = "Baibaocp.LotteryStoraging.Abstractions", "src\Baibaocp.LotteryStoraging.Abstractions\Baibaocp.LotteryStoraging.Abstractions.csproj", "{D03158B0-914B-4400-B2D7-479FC394E531}"
EndProject
Global
	GlobalSection(SolutionConfigurationPlatforms) = preSolution
		Debug|Any CPU = Debug|Any CPU
		Release|Any CPU = Release|Any CPU
	EndGlobalSection
	GlobalSection(ProjectConfigurationPlatforms) = postSolution
		{E3F8093E-137A-4974-B177-95E8CB95441C}.Debug|Any CPU.ActiveCfg = Debug|Any CPU
		{E3F8093E-137A-4974-B177-95E8CB95441C}.Debug|Any CPU.Build.0 = Debug|Any CPU
		{E3F8093E-137A-4974-B177-95E8CB95441C}.Release|Any CPU.ActiveCfg = Release|Any CPU
		{E3F8093E-137A-4974-B177-95E8CB95441C}.Release|Any CPU.Build.0 = Release|Any CPU
		{895BCBE5-C32E-4C66-9E8C-C6BC9D1EC033}.Debug|Any CPU.ActiveCfg = Debug|Any CPU
		{895BCBE5-C32E-4C66-9E8C-C6BC9D1EC033}.Debug|Any CPU.Build.0 = Debug|Any CPU
		{895BCBE5-C32E-4C66-9E8C-C6BC9D1EC033}.Release|Any CPU.ActiveCfg = Release|Any CPU
		{895BCBE5-C32E-4C66-9E8C-C6BC9D1EC033}.Release|Any CPU.Build.0 = Release|Any CPU
		{290DA5F8-EC5C-48E9-B932-CDB28D51AB1F}.Debug|Any CPU.ActiveCfg = Debug|Any CPU
		{290DA5F8-EC5C-48E9-B932-CDB28D51AB1F}.Debug|Any CPU.Build.0 = Debug|Any CPU
		{290DA5F8-EC5C-48E9-B932-CDB28D51AB1F}.Release|Any CPU.ActiveCfg = Release|Any CPU
		{290DA5F8-EC5C-48E9-B932-CDB28D51AB1F}.Release|Any CPU.Build.0 = Release|Any CPU
		{250E75F0-39AB-48D9-83C5-EC800A4B8618}.Debug|Any CPU.ActiveCfg = Debug|Any CPU
		{250E75F0-39AB-48D9-83C5-EC800A4B8618}.Debug|Any CPU.Build.0 = Debug|Any CPU
		{250E75F0-39AB-48D9-83C5-EC800A4B8618}.Release|Any CPU.ActiveCfg = Release|Any CPU
		{250E75F0-39AB-48D9-83C5-EC800A4B8618}.Release|Any CPU.Build.0 = Release|Any CPU
		{1CB68B68-15EE-4EF5-99F7-9CE238791020}.Debug|Any CPU.ActiveCfg = Debug|Any CPU
		{1CB68B68-15EE-4EF5-99F7-9CE238791020}.Debug|Any CPU.Build.0 = Debug|Any CPU
		{1CB68B68-15EE-4EF5-99F7-9CE238791020}.Release|Any CPU.ActiveCfg = Release|Any CPU
		{1CB68B68-15EE-4EF5-99F7-9CE238791020}.Release|Any CPU.Build.0 = Release|Any CPU
		{4ADF2526-66DE-45BA-A8DF-8D90DB680A6C}.Debug|Any CPU.ActiveCfg = Debug|Any CPU
		{4ADF2526-66DE-45BA-A8DF-8D90DB680A6C}.Debug|Any CPU.Build.0 = Debug|Any CPU
		{4ADF2526-66DE-45BA-A8DF-8D90DB680A6C}.Release|Any CPU.ActiveCfg = Release|Any CPU
		{4ADF2526-66DE-45BA-A8DF-8D90DB680A6C}.Release|Any CPU.Build.0 = Release|Any CPU
		{8CE8FF03-D98C-487E-BBDA-B3322B68BD4E}.Debug|Any CPU.ActiveCfg = Debug|Any CPU
		{8CE8FF03-D98C-487E-BBDA-B3322B68BD4E}.Debug|Any CPU.Build.0 = Debug|Any CPU
		{8CE8FF03-D98C-487E-BBDA-B3322B68BD4E}.Release|Any CPU.ActiveCfg = Release|Any CPU
		{8CE8FF03-D98C-487E-BBDA-B3322B68BD4E}.Release|Any CPU.Build.0 = Release|Any CPU
		{95D559C3-26A1-436E-B577-B8AC52CF6EB3}.Debug|Any CPU.ActiveCfg = Debug|Any CPU
		{95D559C3-26A1-436E-B577-B8AC52CF6EB3}.Debug|Any CPU.Build.0 = Debug|Any CPU
		{95D559C3-26A1-436E-B577-B8AC52CF6EB3}.Release|Any CPU.ActiveCfg = Release|Any CPU
		{95D559C3-26A1-436E-B577-B8AC52CF6EB3}.Release|Any CPU.Build.0 = Release|Any CPU
		{617D9027-57B9-44FC-BCE1-AEF9E648EDB1}.Debug|Any CPU.ActiveCfg = Debug|Any CPU
		{617D9027-57B9-44FC-BCE1-AEF9E648EDB1}.Debug|Any CPU.Build.0 = Debug|Any CPU
		{617D9027-57B9-44FC-BCE1-AEF9E648EDB1}.Release|Any CPU.ActiveCfg = Release|Any CPU
		{617D9027-57B9-44FC-BCE1-AEF9E648EDB1}.Release|Any CPU.Build.0 = Release|Any CPU
		{A513DAE1-9FA3-42C5-AC0A-95BF51C6372A}.Debug|Any CPU.ActiveCfg = Debug|Any CPU
		{A513DAE1-9FA3-42C5-AC0A-95BF51C6372A}.Debug|Any CPU.Build.0 = Debug|Any CPU
		{A513DAE1-9FA3-42C5-AC0A-95BF51C6372A}.Release|Any CPU.ActiveCfg = Release|Any CPU
		{A513DAE1-9FA3-42C5-AC0A-95BF51C6372A}.Release|Any CPU.Build.0 = Release|Any CPU
		{D03158B0-914B-4400-B2D7-479FC394E531}.Debug|Any CPU.ActiveCfg = Debug|Any CPU
		{D03158B0-914B-4400-B2D7-479FC394E531}.Debug|Any CPU.Build.0 = Debug|Any CPU
		{D03158B0-914B-4400-B2D7-479FC394E531}.Release|Any CPU.ActiveCfg = Release|Any CPU
		{D03158B0-914B-4400-B2D7-479FC394E531}.Release|Any CPU.Build.0 = Release|Any CPU
	EndGlobalSection
	GlobalSection(SolutionProperties) = preSolution
		HideSolutionNode = FALSE
	EndGlobalSection
	GlobalSection(NestedProjects) = preSolution
		{E3F8093E-137A-4974-B177-95E8CB95441C} = {1A21A87C-1C11-43B1-8840-145492C04302}
		{879CA4FA-34B2-463B-92D3-DCD011099569} = {1A21A87C-1C11-43B1-8840-145492C04302}
		{0936F6A2-46C4-46E1-A456-A7902C5AF4B3} = {1A21A87C-1C11-43B1-8840-145492C04302}
		{895BCBE5-C32E-4C66-9E8C-C6BC9D1EC033} = {879CA4FA-34B2-463B-92D3-DCD011099569}
		{290DA5F8-EC5C-48E9-B932-CDB28D51AB1F} = {879CA4FA-34B2-463B-92D3-DCD011099569}
		{250E75F0-39AB-48D9-83C5-EC800A4B8618} = {0936F6A2-46C4-46E1-A456-A7902C5AF4B3}
		{1CB68B68-15EE-4EF5-99F7-9CE238791020} = {0936F6A2-46C4-46E1-A456-A7902C5AF4B3}
		{589CB699-0FF4-462E-8EDF-A3615691DE63} = {1A21A87C-1C11-43B1-8840-145492C04302}
		{4ADF2526-66DE-45BA-A8DF-8D90DB680A6C} = {879CA4FA-34B2-463B-92D3-DCD011099569}
		{8CE8FF03-D98C-487E-BBDA-B3322B68BD4E} = {879CA4FA-34B2-463B-92D3-DCD011099569}
		{95D559C3-26A1-436E-B577-B8AC52CF6EB3} = {589CB699-0FF4-462E-8EDF-A3615691DE63}
		{617D9027-57B9-44FC-BCE1-AEF9E648EDB1} = {589CB699-0FF4-462E-8EDF-A3615691DE63}
		{4D0D9F44-3B04-4FAD-861C-CD770575E433} = {1A21A87C-1C11-43B1-8840-145492C04302}
		{A513DAE1-9FA3-42C5-AC0A-95BF51C6372A} = {4D0D9F44-3B04-4FAD-861C-CD770575E433}
		{D03158B0-914B-4400-B2D7-479FC394E531} = {4D0D9F44-3B04-4FAD-861C-CD770575E433}
	EndGlobalSection
	GlobalSection(ExtensibilityGlobals) = postSolution
		SolutionGuid = {BEB9354B-B06D-42A8-824B-8B30FA1C070D}
	EndGlobalSection
EndGlobal
