
Microsoft Visual Studio Solution File, Format Version 12.00
# Visual Studio 15
VisualStudioVersion = 15.0.27004.2009
MinimumVisualStudioVersion = 10.0.40219.1
Project("{FAE04EC0-301F-11D3-BF4B-00C04F79EFBC}") = "Baibaocp.LotteryVender.Sending.Abstractions", "src\Baibaocp.LotteryVender.Sending.Abstractions\Baibaocp.LotteryVender.Sending.Abstractions.csproj", "{3D5F6C5E-63F9-474E-A517-DEE113F83974}"
EndProject
Project("{FAE04EC0-301F-11D3-BF4B-00C04F79EFBC}") = "Baibaocp.LotteryVender.Sending.Shanghai", "src\Baibaocp.LotteryVender.Sending.Shanghai\Baibaocp.LotteryVender.Sending.Shanghai.csproj", "{B06D14B3-AA1D-4395-AA2B-CFD46C94E626}"
EndProject
Project("{2150E333-8FDC-42A3-9474-1A3956D46DE8}") = "src", "src", "{1A21A87C-1C11-43B1-8840-145492C04302}"
EndProject
Project("{2150E333-8FDC-42A3-9474-1A3956D46DE8}") = "samples", "samples", "{E604F8B6-7812-4BED-A541-396E79DF020B}"
EndProject
Project("{FAE04EC0-301F-11D3-BF4B-00C04F79EFBC}") = "Baibaocp.LotteryVender.Sending.Order", "samples\Baibaocp.LotteryVender.Sending.Order\Baibaocp.LotteryVender.Sending.Order.csproj", "{8BDCE5A6-2B09-4D55-99B9-89B364EB977E}"
EndProject
Global
	GlobalSection(SolutionConfigurationPlatforms) = preSolution
		Debug|Any CPU = Debug|Any CPU
		Release|Any CPU = Release|Any CPU
	EndGlobalSection
	GlobalSection(ProjectConfigurationPlatforms) = postSolution
		{3D5F6C5E-63F9-474E-A517-DEE113F83974}.Debug|Any CPU.ActiveCfg = Debug|Any CPU
		{3D5F6C5E-63F9-474E-A517-DEE113F83974}.Debug|Any CPU.Build.0 = Debug|Any CPU
		{3D5F6C5E-63F9-474E-A517-DEE113F83974}.Release|Any CPU.ActiveCfg = Release|Any CPU
		{3D5F6C5E-63F9-474E-A517-DEE113F83974}.Release|Any CPU.Build.0 = Release|Any CPU
		{B06D14B3-AA1D-4395-AA2B-CFD46C94E626}.Debug|Any CPU.ActiveCfg = Debug|Any CPU
		{B06D14B3-AA1D-4395-AA2B-CFD46C94E626}.Debug|Any CPU.Build.0 = Debug|Any CPU
		{B06D14B3-AA1D-4395-AA2B-CFD46C94E626}.Release|Any CPU.ActiveCfg = Release|Any CPU
		{B06D14B3-AA1D-4395-AA2B-CFD46C94E626}.Release|Any CPU.Build.0 = Release|Any CPU
		{8BDCE5A6-2B09-4D55-99B9-89B364EB977E}.Debug|Any CPU.ActiveCfg = Debug|Any CPU
		{8BDCE5A6-2B09-4D55-99B9-89B364EB977E}.Debug|Any CPU.Build.0 = Debug|Any CPU
		{8BDCE5A6-2B09-4D55-99B9-89B364EB977E}.Release|Any CPU.ActiveCfg = Release|Any CPU
		{8BDCE5A6-2B09-4D55-99B9-89B364EB977E}.Release|Any CPU.Build.0 = Release|Any CPU
	EndGlobalSection
	GlobalSection(SolutionProperties) = preSolution
		HideSolutionNode = FALSE
	EndGlobalSection
	GlobalSection(NestedProjects) = preSolution
		{3D5F6C5E-63F9-474E-A517-DEE113F83974} = {1A21A87C-1C11-43B1-8840-145492C04302}
		{B06D14B3-AA1D-4395-AA2B-CFD46C94E626} = {1A21A87C-1C11-43B1-8840-145492C04302}
		{8BDCE5A6-2B09-4D55-99B9-89B364EB977E} = {E604F8B6-7812-4BED-A541-396E79DF020B}
	EndGlobalSection
	GlobalSection(ExtensibilityGlobals) = postSolution
		SolutionGuid = {BEB9354B-B06D-42A8-824B-8B30FA1C070D}
	EndGlobalSection
EndGlobal
